
Microsoft Visual Studio Solution File, Format Version 12.00
# Visual Studio Version 16
VisualStudioVersion = 16.0.30717.126
MinimumVisualStudioVersion = 10.0.40219.1
Project("{9A19103F-16F7-4668-BE54-9A1E7A4F7556}") = "PhilosophyFinder", "PhilosophyFinder\PhilosophyFinder.csproj", "{C30ED577-64D7-46C6-BC24-F36B25461CD9}"
EndProject
Project("{9A19103F-16F7-4668-BE54-9A1E7A4F7556}") = "SimpleTests", "SimpleTests\SimpleTests.csproj", "{2C4891E0-59B3-4FB0-AB6E-701F0BB9451A}"
EndProject
Global
	GlobalSection(SolutionConfigurationPlatforms) = preSolution
		Debug|Any CPU = Debug|Any CPU
		Release|Any CPU = Release|Any CPU
	EndGlobalSection
	GlobalSection(ProjectConfigurationPlatforms) = postSolution
		{C30ED577-64D7-46C6-BC24-F36B25461CD9}.Debug|Any CPU.ActiveCfg = Debug|Any CPU
		{C30ED577-64D7-46C6-BC24-F36B25461CD9}.Debug|Any CPU.Build.0 = Debug|Any CPU
		{C30ED577-64D7-46C6-BC24-F36B25461CD9}.Release|Any CPU.ActiveCfg = Release|Any CPU
		{C30ED577-64D7-46C6-BC24-F36B25461CD9}.Release|Any CPU.Build.0 = Release|Any CPU
		{2C4891E0-59B3-4FB0-AB6E-701F0BB9451A}.Debug|Any CPU.ActiveCfg = Debug|Any CPU
		{2C4891E0-59B3-4FB0-AB6E-701F0BB9451A}.Debug|Any CPU.Build.0 = Debug|Any CPU
		{2C4891E0-59B3-4FB0-AB6E-701F0BB9451A}.Release|Any CPU.ActiveCfg = Release|Any CPU
		{2C4891E0-59B3-4FB0-AB6E-701F0BB9451A}.Release|Any CPU.Build.0 = Release|Any CPU
	EndGlobalSection
	GlobalSection(SolutionProperties) = preSolution
		HideSolutionNode = FALSE
	EndGlobalSection
	GlobalSection(ExtensibilityGlobals) = postSolution
		SolutionGuid = {4DA97A65-010C-4439-A74E-04F0C1E3C4C7}
	EndGlobalSection
EndGlobal
